
Microsoft Visual Studio Solution File, Format Version 12.00
# Visual Studio Version 17
VisualStudioVersion = 17.14.36429.23 d17.14
MinimumVisualStudioVersion = 10.0.40219.1
Project("{2150E333-8FDC-42A3-9474-1A3956D46DE8}") = "Task0", "Task0", "{02EA681E-C7D8-13C7-8484-4AC65E1B71E8}"
EndProject
Project("{2150E333-8FDC-42A3-9474-1A3956D46DE8}") = "Task1", "Task1", "{8337BF0D-8E5A-4FB1-BF8D-75AB4F066F34}"
EndProject
Project("{2150E333-8FDC-42A3-9474-1A3956D46DE8}") = "Task2", "Task2", "{3C74F530-D091-4283-AA3F-522B501C7E1B}"
EndProject
Project("{2150E333-8FDC-42A3-9474-1A3956D46DE8}") = "Task3", "Task3", "{530CEC2F-CBC6-4E63-B6E2-196626C88EA1}"
EndProject
Project("{2150E333-8FDC-42A3-9474-1A3956D46DE8}") = "Task4", "Task4", "{C8B69896-F09D-406B-B2A7-1F22B663DDED}"
EndProject
Project("{2150E333-8FDC-42A3-9474-1A3956D46DE8}") = "Task5", "Task5", "{88F61E8B-0CDA-4FB3-BB99-31BD17B1E4C7}"
EndProject
Project("{2150E333-8FDC-42A3-9474-1A3956D46DE8}") = "Task6", "Task6", "{E784E937-9F20-414D-8E42-267AA935B4F5}"
EndProject
Project("{2150E333-8FDC-42A3-9474-1A3956D46DE8}") = "Task7", "Task7", "{20E6E284-CE3D-4DE9-A5D3-C50164F520C4}"
EndProject
Project("{FAE04EC0-301F-11D3-BF4B-00C04F79EFBC}") = "Tyuiu.FlyagID.Sprint5.Task0.V20", "Tyuiu.FlyagID.Sprint5.Task0.V20\Tyuiu.FlyagID.Sprint5.Task0.V20.csproj", "{B2B637F5-6BA1-48E5-8B58-CC64D299072D}"
EndProject
Project("{FAE04EC0-301F-11D3-BF4B-00C04F79EFBC}") = "Tyuiu.FlyagID.Sprint5.Task0.V20.Lib", "Tyuiu.FlyagID.Sprint5.Task0.V20.Lib\Tyuiu.FlyagID.Sprint5.Task0.V20.Lib.csproj", "{95C9F113-8A8D-4D0F-854F-818473FD8A40}"
EndProject
Project("{FAE04EC0-301F-11D3-BF4B-00C04F79EFBC}") = "Tyuiu.FlyagID.Sprint5.Task0.V20.Test", "Tyuiu.FlyagID.Sprint5.Task0.V20.Test\Tyuiu.FlyagID.Sprint5.Task0.V20.Test.csproj", "{C24D9008-0F64-4A14-8274-F098E032B51B}"
EndProject
Project("{FAE04EC0-301F-11D3-BF4B-00C04F79EFBC}") = "Tyuiu.FlyagID.Sprint5.Task1.V8", "Tyuiu.FlyagID.Sprint5.Task1.V8\Tyuiu.FlyagID.Sprint5.Task1.V8.csproj", "{0B2DE2EA-7FC6-47C0-B392-783B54F215E7}"
EndProject
Project("{FAE04EC0-301F-11D3-BF4B-00C04F79EFBC}") = "Tyuiu.FlyagID.Sprint5.Task1.V8.Lib", "Tyuiu.FlyagID.Sprint5.Task1.V8.Lib\Tyuiu.FlyagID.Sprint5.Task1.V8.Lib.csproj", "{30F409FC-C525-40F2-ABC6-66250CFBB220}"
EndProject
Project("{FAE04EC0-301F-11D3-BF4B-00C04F79EFBC}") = "Tyuiu.FlyagID.Sprint5.Task1.V8.Test", "Tyuiu.FlyagID.Sprint5.Task1.V8.Test\Tyuiu.FlyagID.Sprint5.Task1.V8.Test.csproj", "{784379E0-FF57-4C0B-9124-F3DD91BEF7DD}"
EndProject
Project("{FAE04EC0-301F-11D3-BF4B-00C04F79EFBC}") = "Tyuiu.FlyagID.Sprint5.Task2.V19", "Tyuiu.FlyagID.Sprint5.Task2.V19\Tyuiu.FlyagID.Sprint5.Task2.V19.csproj", "{4D02AB28-0183-44D1-83FB-A0C04E1C2A9A}"
EndProject
Project("{FAE04EC0-301F-11D3-BF4B-00C04F79EFBC}") = "Tyuiu.FlyagID.Sprint5.Task2.V19.Lib", "Tyuiu.FlyagID.Sprint5.Task2.V19.Lib\Tyuiu.FlyagID.Sprint5.Task2.V19.Lib.csproj", "{D7903F22-9457-49B4-B8CC-5B4319CC8D01}"
EndProject
Project("{FAE04EC0-301F-11D3-BF4B-00C04F79EFBC}") = "Tyuiu.FlyagID.Sprint5.Task2.V19.Test", "Tyuiu.FlyagID.Sprint5.Task2.V19.Test\Tyuiu.FlyagID.Sprint5.Task2.V19.Test.csproj", "{DE442E68-E4E7-4F80-903E-0D40DC58E941}"
EndProject
Project("{FAE04EC0-301F-11D3-BF4B-00C04F79EFBC}") = "Tyuiu.FlyagID.Sprint5.Task3.V17", "Tyuiu.FlyagID.Sprint5.Task3.V17\Tyuiu.FlyagID.Sprint5.Task3.V17.csproj", "{450FD37F-EC81-4E7D-8563-5656FC79DD84}"
EndProject
Project("{FAE04EC0-301F-11D3-BF4B-00C04F79EFBC}") = "Tyuiu.FlyagID.Sprint5.Task3.V17.Lib", "Tyuiu.FlyagID.Sprint5.Task3.V17.Lib\Tyuiu.FlyagID.Sprint5.Task3.V17.Lib.csproj", "{35615804-2AF7-4FF6-B6E2-0D471731EB6B}"
EndProject
Project("{FAE04EC0-301F-11D3-BF4B-00C04F79EFBC}") = "Tyuiu.FlyagID.Sprint5.Task3.V17.Test", "Tyuiu.FlyagID.Sprint5.Task3.V17.Test\Tyuiu.FlyagID.Sprint5.Task3.V17.Test.csproj", "{1ECF758B-6C14-4692-88C9-E1F919BEDAB6}"
EndProject
Project("{FAE04EC0-301F-11D3-BF4B-00C04F79EFBC}") = "Tyuiu.FlyagID.Sprint5.Task4.V7", "Tyuiu.FlyagID.Sprint5.Task4.V7\Tyuiu.FlyagID.Sprint5.Task4.V7.csproj", "{779B595B-F4BF-4B9E-B83A-989355741C78}"
EndProject
Project("{FAE04EC0-301F-11D3-BF4B-00C04F79EFBC}") = "Tyuiu.FlyagID.Sprint5.Task4.V7.Lib", "Tyuiu.FlyagID.Sprint5.Task4.V7.Lib\Tyuiu.FlyagID.Sprint5.Task4.V7.Lib.csproj", "{E258F120-DC3B-48C1-9FA6-144C2973A73E}"
EndProject
Project("{FAE04EC0-301F-11D3-BF4B-00C04F79EFBC}") = "Tyuiu.FlyagID.Sprint5.Task4.V7.Test", "Tyuiu.FlyagID.Sprint5.Task4.V7.Test\Tyuiu.FlyagID.Sprint5.Task4.V7.Test.csproj", "{9BA1C65C-6925-4E88-B813-12B244337697}"
EndProject
Project("{FAE04EC0-301F-11D3-BF4B-00C04F79EFBC}") = "Tyuiu.FlyagID.Sprint5.Task5.V13", "Tyuiu.FlyagID.Sprint5.Task5.V13\Tyuiu.FlyagID.Sprint5.Task5.V13.csproj", "{61837BEA-B0A7-4A22-9150-4A887B283328}"
EndProject
Project("{FAE04EC0-301F-11D3-BF4B-00C04F79EFBC}") = "Tyuiu.FlyagID.Sprint5.Task5.V13.Lib", "Tyuiu.FlyagID.Sprint5.Task5.V13.Lib\Tyuiu.FlyagID.Sprint5.Task5.V13.Lib.csproj", "{D1FE4A9A-9D94-4BF3-8754-6813A20AC8E4}"
EndProject
Project("{FAE04EC0-301F-11D3-BF4B-00C04F79EFBC}") = "Tyuiu.FlyagID.Sprint5.Task5.V13.Test", "Tyuiu.FlyagID.Sprint5.Task5.V13.Test\Tyuiu.FlyagID.Sprint5.Task5.V13.Test.csproj", "{C6915324-7BDD-4FDE-BF54-B4E2A51D8CC4}"
EndProject
Project("{FAE04EC0-301F-11D3-BF4B-00C04F79EFBC}") = "Tyuiu.FlyagID.Sprint5.Task6.V11", "Tyuiu.FlyagID.Sprint5.Task6.V11\Tyuiu.FlyagID.Sprint5.Task6.V11.csproj", "{3E31873D-C46C-4F3F-BE9B-BC2DFE210FE7}"
EndProject
Project("{FAE04EC0-301F-11D3-BF4B-00C04F79EFBC}") = "Tyuiu.FlyagID.Sprint5.Task6.V11.Lib", "Tyuiu.FlyagID.Sprint5.Task6.V11.Lib\Tyuiu.FlyagID.Sprint5.Task6.V11.Lib.csproj", "{6068104F-AF1C-42E0-979C-883F33710960}"
EndProject
Project("{FAE04EC0-301F-11D3-BF4B-00C04F79EFBC}") = "Tyuiu.FlyagID.Sprint5.Task6.V11.Test", "Tyuiu.FlyagID.Sprint5.Task6.V11.Test\Tyuiu.FlyagID.Sprint5.Task6.V11.Test.csproj", "{C7473E5F-042E-4CA7-92DB-31AA13280B4F}"
EndProject
Project("{FAE04EC0-301F-11D3-BF4B-00C04F79EFBC}") = "Tyuiu.FlyagID.Sprint5.Task7.V12", "Tyuiu.FlyagID.Sprint5.Task7.V12\Tyuiu.FlyagID.Sprint5.Task7.V12.csproj", "{EEBB0B70-C63A-4F1F-B3F5-167176ABBFFB}"
EndProject
Project("{FAE04EC0-301F-11D3-BF4B-00C04F79EFBC}") = "Tyuiu.FlyagID.Sprint5.Task7.V12.Lib", "Tyuiu.FlyagID.Sprint5.Task7.V12.Lib\Tyuiu.FlyagID.Sprint5.Task7.V12.Lib.csproj", "{E10933A3-4694-45AC-AA20-0337C616B8BF}"
EndProject
Project("{FAE04EC0-301F-11D3-BF4B-00C04F79EFBC}") = "Tyuiu.FlyagID.Sprint5.Task7.V12.Test", "Tyuiu.FlyagID.Sprint5.Task7.V12.Test\Tyuiu.FlyagID.Sprint5.Task7.V12.Test.csproj", "{7C52CA83-A82D-4788-BBC6-BA54B5E0D1BA}"
EndProject
Global
	GlobalSection(SolutionConfigurationPlatforms) = preSolution
		Debug|Any CPU = Debug|Any CPU
		Release|Any CPU = Release|Any CPU
	EndGlobalSection
	GlobalSection(ProjectConfigurationPlatforms) = postSolution
		{B2B637F5-6BA1-48E5-8B58-CC64D299072D}.Debug|Any CPU.ActiveCfg = Debug|Any CPU
		{B2B637F5-6BA1-48E5-8B58-CC64D299072D}.Debug|Any CPU.Build.0 = Debug|Any CPU
		{B2B637F5-6BA1-48E5-8B58-CC64D299072D}.Release|Any CPU.ActiveCfg = Release|Any CPU
		{B2B637F5-6BA1-48E5-8B58-CC64D299072D}.Release|Any CPU.Build.0 = Release|Any CPU
		{95C9F113-8A8D-4D0F-854F-818473FD8A40}.Debug|Any CPU.ActiveCfg = Debug|Any CPU
		{95C9F113-8A8D-4D0F-854F-818473FD8A40}.Debug|Any CPU.Build.0 = Debug|Any CPU
		{95C9F113-8A8D-4D0F-854F-818473FD8A40}.Release|Any CPU.ActiveCfg = Release|Any CPU
		{95C9F113-8A8D-4D0F-854F-818473FD8A40}.Release|Any CPU.Build.0 = Release|Any CPU
		{C24D9008-0F64-4A14-8274-F098E032B51B}.Debug|Any CPU.ActiveCfg = Debug|Any CPU
		{C24D9008-0F64-4A14-8274-F098E032B51B}.Debug|Any CPU.Build.0 = Debug|Any CPU
		{C24D9008-0F64-4A14-8274-F098E032B51B}.Release|Any CPU.ActiveCfg = Release|Any CPU
		{C24D9008-0F64-4A14-8274-F098E032B51B}.Release|Any CPU.Build.0 = Release|Any CPU
		{0B2DE2EA-7FC6-47C0-B392-783B54F215E7}.Debug|Any CPU.ActiveCfg = Debug|Any CPU
		{0B2DE2EA-7FC6-47C0-B392-783B54F215E7}.Debug|Any CPU.Build.0 = Debug|Any CPU
		{0B2DE2EA-7FC6-47C0-B392-783B54F215E7}.Release|Any CPU.ActiveCfg = Release|Any CPU
		{0B2DE2EA-7FC6-47C0-B392-783B54F215E7}.Release|Any CPU.Build.0 = Release|Any CPU
		{30F409FC-C525-40F2-ABC6-66250CFBB220}.Debug|Any CPU.ActiveCfg = Debug|Any CPU
		{30F409FC-C525-40F2-ABC6-66250CFBB220}.Debug|Any CPU.Build.0 = Debug|Any CPU
		{30F409FC-C525-40F2-ABC6-66250CFBB220}.Release|Any CPU.ActiveCfg = Release|Any CPU
		{30F409FC-C525-40F2-ABC6-66250CFBB220}.Release|Any CPU.Build.0 = Release|Any CPU
		{784379E0-FF57-4C0B-9124-F3DD91BEF7DD}.Debug|Any CPU.ActiveCfg = Debug|Any CPU
		{784379E0-FF57-4C0B-9124-F3DD91BEF7DD}.Debug|Any CPU.Build.0 = Debug|Any CPU
		{784379E0-FF57-4C0B-9124-F3DD91BEF7DD}.Release|Any CPU.ActiveCfg = Release|Any CPU
		{784379E0-FF57-4C0B-9124-F3DD91BEF7DD}.Release|Any CPU.Build.0 = Release|Any CPU
		{4D02AB28-0183-44D1-83FB-A0C04E1C2A9A}.Debug|Any CPU.ActiveCfg = Debug|Any CPU
		{4D02AB28-0183-44D1-83FB-A0C04E1C2A9A}.Debug|Any CPU.Build.0 = Debug|Any CPU
		{4D02AB28-0183-44D1-83FB-A0C04E1C2A9A}.Release|Any CPU.ActiveCfg = Release|Any CPU
		{4D02AB28-0183-44D1-83FB-A0C04E1C2A9A}.Release|Any CPU.Build.0 = Release|Any CPU
		{D7903F22-9457-49B4-B8CC-5B4319CC8D01}.Debug|Any CPU.ActiveCfg = Debug|Any CPU
		{D7903F22-9457-49B4-B8CC-5B4319CC8D01}.Debug|Any CPU.Build.0 = Debug|Any CPU
		{D7903F22-9457-49B4-B8CC-5B4319CC8D01}.Release|Any CPU.ActiveCfg = Release|Any CPU
		{D7903F22-9457-49B4-B8CC-5B4319CC8D01}.Release|Any CPU.Build.0 = Release|Any CPU
		{DE442E68-E4E7-4F80-903E-0D40DC58E941}.Debug|Any CPU.ActiveCfg = Debug|Any CPU
		{DE442E68-E4E7-4F80-903E-0D40DC58E941}.Debug|Any CPU.Build.0 = Debug|Any CPU
		{DE442E68-E4E7-4F80-903E-0D40DC58E941}.Release|Any CPU.ActiveCfg = Release|Any CPU
		{DE442E68-E4E7-4F80-903E-0D40DC58E941}.Release|Any CPU.Build.0 = Release|Any CPU
		{450FD37F-EC81-4E7D-8563-5656FC79DD84}.Debug|Any CPU.ActiveCfg = Debug|Any CPU
		{450FD37F-EC81-4E7D-8563-5656FC79DD84}.Debug|Any CPU.Build.0 = Debug|Any CPU
		{450FD37F-EC81-4E7D-8563-5656FC79DD84}.Release|Any CPU.ActiveCfg = Release|Any CPU
		{450FD37F-EC81-4E7D-8563-5656FC79DD84}.Release|Any CPU.Build.0 = Release|Any CPU
		{35615804-2AF7-4FF6-B6E2-0D471731EB6B}.Debug|Any CPU.ActiveCfg = Debug|Any CPU
		{35615804-2AF7-4FF6-B6E2-0D471731EB6B}.Debug|Any CPU.Build.0 = Debug|Any CPU
		{35615804-2AF7-4FF6-B6E2-0D471731EB6B}.Release|Any CPU.ActiveCfg = Release|Any CPU
		{35615804-2AF7-4FF6-B6E2-0D471731EB6B}.Release|Any CPU.Build.0 = Release|Any CPU
		{1ECF758B-6C14-4692-88C9-E1F919BEDAB6}.Debug|Any CPU.ActiveCfg = Debug|Any CPU
		{1ECF758B-6C14-4692-88C9-E1F919BEDAB6}.Debug|Any CPU.Build.0 = Debug|Any CPU
		{1ECF758B-6C14-4692-88C9-E1F919BEDAB6}.Release|Any CPU.ActiveCfg = Release|Any CPU
		{1ECF758B-6C14-4692-88C9-E1F919BEDAB6}.Release|Any CPU.Build.0 = Release|Any CPU
		{779B595B-F4BF-4B9E-B83A-989355741C78}.Debug|Any CPU.ActiveCfg = Debug|Any CPU
		{779B595B-F4BF-4B9E-B83A-989355741C78}.Debug|Any CPU.Build.0 = Debug|Any CPU
		{779B595B-F4BF-4B9E-B83A-989355741C78}.Release|Any CPU.ActiveCfg = Release|Any CPU
		{779B595B-F4BF-4B9E-B83A-989355741C78}.Release|Any CPU.Build.0 = Release|Any CPU
		{E258F120-DC3B-48C1-9FA6-144C2973A73E}.Debug|Any CPU.ActiveCfg = Debug|Any CPU
		{E258F120-DC3B-48C1-9FA6-144C2973A73E}.Debug|Any CPU.Build.0 = Debug|Any CPU
		{E258F120-DC3B-48C1-9FA6-144C2973A73E}.Release|Any CPU.ActiveCfg = Release|Any CPU
		{E258F120-DC3B-48C1-9FA6-144C2973A73E}.Release|Any CPU.Build.0 = Release|Any CPU
		{9BA1C65C-6925-4E88-B813-12B244337697}.Debug|Any CPU.ActiveCfg = Debug|Any CPU
		{9BA1C65C-6925-4E88-B813-12B244337697}.Debug|Any CPU.Build.0 = Debug|Any CPU
		{9BA1C65C-6925-4E88-B813-12B244337697}.Release|Any CPU.ActiveCfg = Release|Any CPU
		{9BA1C65C-6925-4E88-B813-12B244337697}.Release|Any CPU.Build.0 = Release|Any CPU
		{61837BEA-B0A7-4A22-9150-4A887B283328}.Debug|Any CPU.ActiveCfg = Debug|Any CPU
		{61837BEA-B0A7-4A22-9150-4A887B283328}.Debug|Any CPU.Build.0 = Debug|Any CPU
		{61837BEA-B0A7-4A22-9150-4A887B283328}.Release|Any CPU.ActiveCfg = Release|Any CPU
		{61837BEA-B0A7-4A22-9150-4A887B283328}.Release|Any CPU.Build.0 = Release|Any CPU
		{D1FE4A9A-9D94-4BF3-8754-6813A20AC8E4}.Debug|Any CPU.ActiveCfg = Debug|Any CPU
		{D1FE4A9A-9D94-4BF3-8754-6813A20AC8E4}.Debug|Any CPU.Build.0 = Debug|Any CPU
		{D1FE4A9A-9D94-4BF3-8754-6813A20AC8E4}.Release|Any CPU.ActiveCfg = Release|Any CPU
		{D1FE4A9A-9D94-4BF3-8754-6813A20AC8E4}.Release|Any CPU.Build.0 = Release|Any CPU
		{C6915324-7BDD-4FDE-BF54-B4E2A51D8CC4}.Debug|Any CPU.ActiveCfg = Debug|Any CPU
		{C6915324-7BDD-4FDE-BF54-B4E2A51D8CC4}.Debug|Any CPU.Build.0 = Debug|Any CPU
		{C6915324-7BDD-4FDE-BF54-B4E2A51D8CC4}.Release|Any CPU.ActiveCfg = Release|Any CPU
		{C6915324-7BDD-4FDE-BF54-B4E2A51D8CC4}.Release|Any CPU.Build.0 = Release|Any CPU
		{3E31873D-C46C-4F3F-BE9B-BC2DFE210FE7}.Debug|Any CPU.ActiveCfg = Debug|Any CPU
		{3E31873D-C46C-4F3F-BE9B-BC2DFE210FE7}.Debug|Any CPU.Build.0 = Debug|Any CPU
		{3E31873D-C46C-4F3F-BE9B-BC2DFE210FE7}.Release|Any CPU.ActiveCfg = Release|Any CPU
		{3E31873D-C46C-4F3F-BE9B-BC2DFE210FE7}.Release|Any CPU.Build.0 = Release|Any CPU
		{6068104F-AF1C-42E0-979C-883F33710960}.Debug|Any CPU.ActiveCfg = Debug|Any CPU
		{6068104F-AF1C-42E0-979C-883F33710960}.Debug|Any CPU.Build.0 = Debug|Any CPU
		{6068104F-AF1C-42E0-979C-883F33710960}.Release|Any CPU.ActiveCfg = Release|Any CPU
		{6068104F-AF1C-42E0-979C-883F33710960}.Release|Any CPU.Build.0 = Release|Any CPU
		{C7473E5F-042E-4CA7-92DB-31AA13280B4F}.Debug|Any CPU.ActiveCfg = Debug|Any CPU
		{C7473E5F-042E-4CA7-92DB-31AA13280B4F}.Debug|Any CPU.Build.0 = Debug|Any CPU
		{C7473E5F-042E-4CA7-92DB-31AA13280B4F}.Release|Any CPU.ActiveCfg = Release|Any CPU
		{C7473E5F-042E-4CA7-92DB-31AA13280B4F}.Release|Any CPU.Build.0 = Release|Any CPU
		{EEBB0B70-C63A-4F1F-B3F5-167176ABBFFB}.Debug|Any CPU.ActiveCfg = Debug|Any CPU
		{EEBB0B70-C63A-4F1F-B3F5-167176ABBFFB}.Debug|Any CPU.Build.0 = Debug|Any CPU
		{EEBB0B70-C63A-4F1F-B3F5-167176ABBFFB}.Release|Any CPU.ActiveCfg = Release|Any CPU
		{EEBB0B70-C63A-4F1F-B3F5-167176ABBFFB}.Release|Any CPU.Build.0 = Release|Any CPU
		{E10933A3-4694-45AC-AA20-0337C616B8BF}.Debug|Any CPU.ActiveCfg = Debug|Any CPU
		{E10933A3-4694-45AC-AA20-0337C616B8BF}.Debug|Any CPU.Build.0 = Debug|Any CPU
		{E10933A3-4694-45AC-AA20-0337C616B8BF}.Release|Any CPU.ActiveCfg = Release|Any CPU
		{E10933A3-4694-45AC-AA20-0337C616B8BF}.Release|Any CPU.Build.0 = Release|Any CPU
		{7C52CA83-A82D-4788-BBC6-BA54B5E0D1BA}.Debug|Any CPU.ActiveCfg = Debug|Any CPU
		{7C52CA83-A82D-4788-BBC6-BA54B5E0D1BA}.Debug|Any CPU.Build.0 = Debug|Any CPU
		{7C52CA83-A82D-4788-BBC6-BA54B5E0D1BA}.Release|Any CPU.ActiveCfg = Release|Any CPU
		{7C52CA83-A82D-4788-BBC6-BA54B5E0D1BA}.Release|Any CPU.Build.0 = Release|Any CPU
	EndGlobalSection
	GlobalSection(SolutionProperties) = preSolution
		HideSolutionNode = FALSE
	EndGlobalSection
	GlobalSection(NestedProjects) = preSolution
		{B2B637F5-6BA1-48E5-8B58-CC64D299072D} = {02EA681E-C7D8-13C7-8484-4AC65E1B71E8}
		{95C9F113-8A8D-4D0F-854F-818473FD8A40} = {02EA681E-C7D8-13C7-8484-4AC65E1B71E8}
		{C24D9008-0F64-4A14-8274-F098E032B51B} = {02EA681E-C7D8-13C7-8484-4AC65E1B71E8}
		{0B2DE2EA-7FC6-47C0-B392-783B54F215E7} = {8337BF0D-8E5A-4FB1-BF8D-75AB4F066F34}
		{30F409FC-C525-40F2-ABC6-66250CFBB220} = {8337BF0D-8E5A-4FB1-BF8D-75AB4F066F34}
		{784379E0-FF57-4C0B-9124-F3DD91BEF7DD} = {8337BF0D-8E5A-4FB1-BF8D-75AB4F066F34}
		{4D02AB28-0183-44D1-83FB-A0C04E1C2A9A} = {3C74F530-D091-4283-AA3F-522B501C7E1B}
		{D7903F22-9457-49B4-B8CC-5B4319CC8D01} = {3C74F530-D091-4283-AA3F-522B501C7E1B}
		{DE442E68-E4E7-4F80-903E-0D40DC58E941} = {3C74F530-D091-4283-AA3F-522B501C7E1B}
		{450FD37F-EC81-4E7D-8563-5656FC79DD84} = {530CEC2F-CBC6-4E63-B6E2-196626C88EA1}
		{35615804-2AF7-4FF6-B6E2-0D471731EB6B} = {530CEC2F-CBC6-4E63-B6E2-196626C88EA1}
		{1ECF758B-6C14-4692-88C9-E1F919BEDAB6} = {530CEC2F-CBC6-4E63-B6E2-196626C88EA1}
		{779B595B-F4BF-4B9E-B83A-989355741C78} = {C8B69896-F09D-406B-B2A7-1F22B663DDED}
		{E258F120-DC3B-48C1-9FA6-144C2973A73E} = {C8B69896-F09D-406B-B2A7-1F22B663DDED}
		{9BA1C65C-6925-4E88-B813-12B244337697} = {C8B69896-F09D-406B-B2A7-1F22B663DDED}
		{61837BEA-B0A7-4A22-9150-4A887B283328} = {88F61E8B-0CDA-4FB3-BB99-31BD17B1E4C7}
		{D1FE4A9A-9D94-4BF3-8754-6813A20AC8E4} = {88F61E8B-0CDA-4FB3-BB99-31BD17B1E4C7}
		{C6915324-7BDD-4FDE-BF54-B4E2A51D8CC4} = {88F61E8B-0CDA-4FB3-BB99-31BD17B1E4C7}
		{3E31873D-C46C-4F3F-BE9B-BC2DFE210FE7} = {E784E937-9F20-414D-8E42-267AA935B4F5}
		{6068104F-AF1C-42E0-979C-883F33710960} = {E784E937-9F20-414D-8E42-267AA935B4F5}
		{C7473E5F-042E-4CA7-92DB-31AA13280B4F} = {E784E937-9F20-414D-8E42-267AA935B4F5}
		{EEBB0B70-C63A-4F1F-B3F5-167176ABBFFB} = {20E6E284-CE3D-4DE9-A5D3-C50164F520C4}
		{E10933A3-4694-45AC-AA20-0337C616B8BF} = {20E6E284-CE3D-4DE9-A5D3-C50164F520C4}
		{7C52CA83-A82D-4788-BBC6-BA54B5E0D1BA} = {20E6E284-CE3D-4DE9-A5D3-C50164F520C4}
	EndGlobalSection
	GlobalSection(ExtensibilityGlobals) = postSolution
		SolutionGuid = {AFE7163D-D020-4AEF-893F-9C6DF25FBEC8}
	EndGlobalSection
EndGlobal
